<Solution>
  <Project Path="MagicLibrary.Api/MagicLibrary.Api.csproj" Id="c565e533-fe5c-465b-9485-bb84ebb657a2" />
  <Project Path="MagicLibrary.Application/MagicLibrary.Application.csproj" Id="70e5f4c3-2b5d-48f2-9453-388361779aef" />
  <Project Path="MagicLibrary.Domain/MagicLibrary.Domain.csproj" Id="6de76ddd-b843-4860-8bd1-14fa4ce7c456" />
  <Project Path="MagicLibrary.Infrastructure/MagicLibrary.Infrastructure.csproj" Id="816e5770-c59b-44ed-9db0-9d1e3803ffa8" />
  <Project Path="MagicLibrary.Web/MagicLibrary.Web.csproj" />
</Solution>
